{
  "name": "click_n_tofus",
  "version": "0.0.1",
  "lockfileVersion": 1,
  "requires": true,
  "dependencies": {
    "mainloop.js": {
      "version": "1.0.4",
      "resolved": "https://registry.npmjs.org/mainloop.js/-/mainloop.js-1.0.4.tgz",
      "integrity": "sha1-TMPx56V+SnGN45eISlkGPEKRPoc="
    }
  }
}
